
Microsoft Visual Studio Solution File, Format Version 12.00
# Visual Studio Version 16
VisualStudioVersion = 16.0.30717.126
MinimumVisualStudioVersion = 10.0.40219.1
Project("{FAE04EC0-301F-11D3-BF4B-00C04F79EFBC}") = "NotaryTry2", "NotaryTry2\NotaryTry2.csproj", "{FEFD77E1-4E90-44BE-992E-DC3CE4973D3B}"
EndProject
Global
	GlobalSection(SolutionConfigurationPlatforms) = preSolution
		Debug|Any CPU = Debug|Any CPU
		Release|Any CPU = Release|Any CPU
	EndGlobalSection
	GlobalSection(ProjectConfigurationPlatforms) = postSolution
		{FEFD77E1-4E90-44BE-992E-DC3CE4973D3B}.Debug|Any CPU.ActiveCfg = Debug|Any CPU
		{FEFD77E1-4E90-44BE-992E-DC3CE4973D3B}.Debug|Any CPU.Build.0 = Debug|Any CPU
		{FEFD77E1-4E90-44BE-992E-DC3CE4973D3B}.Release|Any CPU.ActiveCfg = Release|Any CPU
		{FEFD77E1-4E90-44BE-992E-DC3CE4973D3B}.Release|Any CPU.Build.0 = Release|Any CPU
	EndGlobalSection
	GlobalSection(SolutionProperties) = preSolution
		HideSolutionNode = FALSE
	EndGlobalSection
	GlobalSection(ExtensibilityGlobals) = postSolution
		SolutionGuid = {E9BC9749-3B8A-48F5-8321-C0C12BE52974}
	EndGlobalSection
EndGlobal
